<Solution>
  <Folder Name="/src/">
    <Project Path="src/Kuestenlogik.Bowire.Protocol.Akka/Kuestenlogik.Bowire.Protocol.Akka.csproj" />
  </Folder>
  <Folder Name="/tests/">
    <Project Path="tests/Kuestenlogik.Bowire.Protocol.Akka.Tests/Kuestenlogik.Bowire.Protocol.Akka.Tests.csproj" />
  </Folder>
  <Folder Name="/samples/">
    <Project Path="samples/Kuestenlogik.Bowire.Protocol.Akka.Sample/Kuestenlogik.Bowire.Protocol.Akka.Sample.csproj" />
  </Folder>
  <Folder Name="/solution items/">
    <File Path="README.md" />
    <File Path="Directory.Build.props" />
    <File Path="Directory.Packages.props" />
    <File Path="nuget.config" />
    <File Path="global.json" />
  </Folder>
</Solution>
